
Microsoft Visual Studio Solution File, Format Version 12.00
# Visual Studio Version 16
VisualStudioVersion = 16.0.30128.74
MinimumVisualStudioVersion = 10.0.40219.1
Project("{FAE04EC0-301F-11D3-BF4B-00C04F79EFBC}") = "HomeAssistantPlugin", "HomeAssistantPlugin\HomeAssistantPlugin.csproj", "{D1331A6D-0B55-4EFA-A5C6-B08C0CDC56CF}"
EndProject
Global
	GlobalSection(SolutionConfigurationPlatforms) = preSolution
		Debug|Any CPU = Debug|Any CPU
		Release|Any CPU = Release|Any CPU
	EndGlobalSection
	GlobalSection(ProjectConfigurationPlatforms) = postSolution
		{D1331A6D-0B55-4EFA-A5C6-B08C0CDC56CF}.Debug|Any CPU.ActiveCfg = Debug|Any CPU
		{D1331A6D-0B55-4EFA-A5C6-B08C0CDC56CF}.Debug|Any CPU.Build.0 = Debug|Any CPU
		{D1331A6D-0B55-4EFA-A5C6-B08C0CDC56CF}.Release|Any CPU.ActiveCfg = Release|Any CPU
		{D1331A6D-0B55-4EFA-A5C6-B08C0CDC56CF}.Release|Any CPU.Build.0 = Release|Any CPU
	EndGlobalSection
	GlobalSection(SolutionProperties) = preSolution
		HideSolutionNode = FALSE
	EndGlobalSection
	GlobalSection(ExtensibilityGlobals) = postSolution
		SolutionGuid = {22481377-D382-4988-838B-A5455C09443E}
	EndGlobalSection
EndGlobal
